
Microsoft Visual Studio Solution File, Format Version 12.00
# Visual Studio Version 17
VisualStudioVersion = 17.10.34928.147
MinimumVisualStudioVersion = 10.0.40219.1
Project("{FAE04EC0-301F-11D3-BF4B-00C04F79EFBC}") = "AutoClicker_V2_with_net48", "AutoClicker_V2_with_net48.csproj", "{58114018-6791-406E-AE26-F78BBA1203A4}"
EndProject
Global
	GlobalSection(SolutionConfigurationPlatforms) = preSolution
		Debug|Any CPU = Debug|Any CPU
		Release|Any CPU = Release|Any CPU
	EndGlobalSection
	GlobalSection(ProjectConfigurationPlatforms) = postSolution
		{58114018-6791-406E-AE26-F78BBA1203A4}.Debug|Any CPU.ActiveCfg = Debug|Any CPU
		{58114018-6791-406E-AE26-F78BBA1203A4}.Debug|Any CPU.Build.0 = Debug|Any CPU
		{58114018-6791-406E-AE26-F78BBA1203A4}.Release|Any CPU.ActiveCfg = Release|Any CPU
		{58114018-6791-406E-AE26-F78BBA1203A4}.Release|Any CPU.Build.0 = Release|Any CPU
	EndGlobalSection
	GlobalSection(SolutionProperties) = preSolution
		HideSolutionNode = FALSE
	EndGlobalSection
	GlobalSection(ExtensibilityGlobals) = postSolution
		SolutionGuid = {DF3E818C-69B0-4950-8101-CADDAF87665C}
	EndGlobalSection
EndGlobal
